
Microsoft Visual Studio Solution File, Format Version 12.00
# Visual Studio Version 17
VisualStudioVersion = 17.8.34525.116
MinimumVisualStudioVersion = 10.0.40219.1
Project("{9A19103F-16F7-4668-BE54-9A1E7A4F7556}") = "SkyRoute", "SkyRoute\SkyRoute.csproj", "{76ECD14A-A08A-4D28-BBDD-14280EB7AC3F}"
EndProject
Project("{FAE04EC0-301F-11D3-BF4B-00C04F79EFBC}") = "SkyRoute.Services", "SkyRoute.Services\SkyRoute.Services.csproj", "{BDC89A15-A21F-4E2D-8B22-18079F58ECDB}"
EndProject
Project("{FAE04EC0-301F-11D3-BF4B-00C04F79EFBC}") = "SkyRoute.Repositories", "SkyRoute.Repository\SkyRoute.Repositories.csproj", "{395EFC92-638D-4F25-92A1-8CE6979E7878}"
EndProject
Project("{FAE04EC0-301F-11D3-BF4B-00C04F79EFBC}") = "SkyRoute.Domains", "SkyRoute.Domains\SkyRoute.Domains.csproj", "{144EA457-7E6F-4C8D-B2B7-103179DCCCD8}"
EndProject
Global
	GlobalSection(SolutionConfigurationPlatforms) = preSolution
		Debug|Any CPU = Debug|Any CPU
		Release|Any CPU = Release|Any CPU
	EndGlobalSection
	GlobalSection(ProjectConfigurationPlatforms) = postSolution
		{76ECD14A-A08A-4D28-BBDD-14280EB7AC3F}.Debug|Any CPU.ActiveCfg = Debug|Any CPU
		{76ECD14A-A08A-4D28-BBDD-14280EB7AC3F}.Debug|Any CPU.Build.0 = Debug|Any CPU
		{76ECD14A-A08A-4D28-BBDD-14280EB7AC3F}.Release|Any CPU.ActiveCfg = Release|Any CPU
		{76ECD14A-A08A-4D28-BBDD-14280EB7AC3F}.Release|Any CPU.Build.0 = Release|Any CPU
		{BDC89A15-A21F-4E2D-8B22-18079F58ECDB}.Debug|Any CPU.ActiveCfg = Debug|Any CPU
		{BDC89A15-A21F-4E2D-8B22-18079F58ECDB}.Debug|Any CPU.Build.0 = Debug|Any CPU
		{BDC89A15-A21F-4E2D-8B22-18079F58ECDB}.Release|Any CPU.ActiveCfg = Release|Any CPU
		{BDC89A15-A21F-4E2D-8B22-18079F58ECDB}.Release|Any CPU.Build.0 = Release|Any CPU
		{395EFC92-638D-4F25-92A1-8CE6979E7878}.Debug|Any CPU.ActiveCfg = Debug|Any CPU
		{395EFC92-638D-4F25-92A1-8CE6979E7878}.Debug|Any CPU.Build.0 = Debug|Any CPU
		{395EFC92-638D-4F25-92A1-8CE6979E7878}.Release|Any CPU.ActiveCfg = Release|Any CPU
		{395EFC92-638D-4F25-92A1-8CE6979E7878}.Release|Any CPU.Build.0 = Release|Any CPU
		{144EA457-7E6F-4C8D-B2B7-103179DCCCD8}.Debug|Any CPU.ActiveCfg = Debug|Any CPU
		{144EA457-7E6F-4C8D-B2B7-103179DCCCD8}.Debug|Any CPU.Build.0 = Debug|Any CPU
		{144EA457-7E6F-4C8D-B2B7-103179DCCCD8}.Release|Any CPU.ActiveCfg = Release|Any CPU
		{144EA457-7E6F-4C8D-B2B7-103179DCCCD8}.Release|Any CPU.Build.0 = Release|Any CPU
	EndGlobalSection
	GlobalSection(SolutionProperties) = preSolution
		HideSolutionNode = FALSE
	EndGlobalSection
	GlobalSection(ExtensibilityGlobals) = postSolution
		SolutionGuid = {9B514CAF-3BCF-46F2-934D-B7E60341AF74}
	EndGlobalSection
EndGlobal
